// !$*UTF8*$!
{
	archiveVersion = 1;
	classes = {
	};
	objectVersion = 56;
	objects = {

/* Begin PBXBuildFile section */
		272887982F2CEAA300C8514A /* CloudKitModels.swift in Sources */ = {isa = PBXBuildFile; fileRef = 272887962F2CEAA300C8514A /* CloudKitModels.swift */; };
		272887992F2CEAA300C8514A /* CollaborationModels.swift in Sources */ = {isa = PBXBuildFile; fileRef = 272887972F2CEAA300C8514A /* CollaborationModels.swift */; };
		2728879D2F2CEAB200C8514A /* CollaborativeDishView.swift in Sources */ = {isa = PBXBuildFile; fileRef = 2728879A2F2CEAB200C8514A /* CollaborativeDishView.swift */; };
		2728879E2F2CEAB200C8514A /* ProposalInputView.swift in Sources */ = {isa = PBXBuildFile; fileRef = 2728879B2F2CEAB200C8514A /* ProposalInputView.swift */; };
		2728879F2F2CEAB200C8514A /* ShareManagementView.swift in Sources */ = {isa = PBXBuildFile; fileRef = 2728879C2F2CEAB200C8514A /* ShareManagementView.swift */; };
		272887A42F2CEAC200C8514A /* CollaborationOnboarding.swift in Sources */ = {isa = PBXBuildFile; fileRef = 272887A12F2CEAC200C8514A /* CollaborationOnboarding.swift */; };
		272887A52F2CEAC200C8514A /* EmptyStateViews.swift in Sources */ = {isa = PBXBuildFile; fileRef = 272887A22F2CEAC200C8514A /* EmptyStateViews.swift */; };
		272887A62F2CEAC200C8514A /* SyncStatusIndicator.swift in Sources */ = {isa = PBXBuildFile; fileRef = 272887A32F2CEAC200C8514A /* SyncStatusIndicator.swift */; };
		272887A72F2CEAC200C8514A /* CellarSwitcher.swift in Sources */ = {isa = PBXBuildFile; fileRef = 272887A02F2CEAC200C8514A /* CellarSwitcher.swift */; };
		272887AE2F2CEAD000C8514A /* CellarManager.swift in Sources */ = {isa = PBXBuildFile; fileRef = 272887A82F2CEAD000C8514A /* CellarManager.swift */; };
		272887AF2F2CEAD000C8514A /* CollaborationNotificationService.swift in Sources */ = {isa = PBXBuildFile; fileRef = 272887AA2F2CEAD000C8514A /* CollaborationNotificationService.swift */; };
		272887B02F2CEAD000C8514A /* CloudKitService.swift in Sources */ = {isa = PBXBuildFile; fileRef = 272887A92F2CEAD000C8514A /* CloudKitService.swift */; };
		272887B12F2CEAD000C8514A /* FeatureFlags.swift in Sources */ = {isa = PBXBuildFile; fileRef = 272887AB2F2CEAD000C8514A /* FeatureFlags.swift */; };
		272887B22F2CEAD000C8514A /* SharingService.swift in Sources */ = {isa = PBXBuildFile; fileRef = 272887AD2F2CEAD000C8514A /* SharingService.swift */; };
		272887B32F2CEAD000C8514A /* MigrationService.swift in Sources */ = {isa = PBXBuildFile; fileRef = 272887AC2F2CEAD000C8514A /* MigrationService.swift */; };
		F000000000000001 /* ConvivioApp.swift in Sources */ = {isa = PBXBuildFile; fileRef = F100000000000001 /* ConvivioApp.swift */; };
		F000000000000002 /* Models.swift in Sources */ = {isa = PBXBuildFile; fileRef = F100000000000002 /* Models.swift */; };
		F000000000000004 /* CellarView.swift in Sources */ = {isa = PBXBuildFile; fileRef = F100000000000004 /* CellarView.swift */; };
		F000000000000005 /* ScanView.swift in Sources */ = {isa = PBXBuildFile; fileRef = F100000000000005 /* ScanView.swift */; };
		F000000000000006 /* ProfileView.swift in Sources */ = {isa = PBXBuildFile; fileRef = F100000000000006 /* ProfileView.swift */; };
		F000000000000009 /* ChatView.swift in Sources */ = {isa = PBXBuildFile; fileRef = F100000000000009 /* ChatView.swift */; };
		F00000000000000B /* AppIconGenerator.swift in Sources */ = {isa = PBXBuildFile; fileRef = F10000000000000B /* AppIconGenerator.swift */; };
		F00000000000000C /* OpenAIService.swift in Sources */ = {isa = PBXBuildFile; fileRef = F10000000000000C /* OpenAIService.swift */; };
		F00000000000000E /* MenuGeneratorService.swift in Sources */ = {isa = PBXBuildFile; fileRef = F10000000000000E /* MenuGeneratorService.swift */; };
		F00000000000000F /* MenuModels.swift in Sources */ = {isa = PBXBuildFile; fileRef = F10000000000000F /* MenuModels.swift */; };
		F000000000000010 /* Assets.xcassets in Resources */ = {isa = PBXBuildFile; fileRef = F100000000000010 /* Assets.xcassets */; };
		F000000000000011 /* GoogleService-Info.plist in Resources */ = {isa = PBXBuildFile; fileRef = F100000000000011 /* GoogleService-Info.plist */; };
		F000000000000012 /* FoodView.swift in Sources */ = {isa = PBXBuildFile; fileRef = F100000000000014 /* FoodView.swift */; };
		F000000000000020 /* WineRatingModels.swift in Sources */ = {isa = PBXBuildFile; fileRef = F100000000000020 /* WineRatingModels.swift */; };
		F000000000000021 /* StarRatingView.swift in Sources */ = {isa = PBXBuildFile; fileRef = F100000000000021 /* StarRatingView.swift */; };
		F000000000000022 /* AISParameterPicker.swift in Sources */ = {isa = PBXBuildFile; fileRef = F100000000000022 /* AISParameterPicker.swift */; };
		F000000000000023 /* QuickRatingView.swift in Sources */ = {isa = PBXBuildFile; fileRef = F100000000000023 /* QuickRatingView.swift */; };
		F000000000000024 /* SchedaAISView.swift in Sources */ = {isa = PBXBuildFile; fileRef = F100000000000024 /* SchedaAISView.swift */; };
		F000000000000025 /* WineRatingView.swift in Sources */ = {isa = PBXBuildFile; fileRef = F100000000000025 /* WineRatingView.swift */; };
		F000000000000026 /* WineRatingsHistoryView.swift in Sources */ = {isa = PBXBuildFile; fileRef = F100000000000026 /* WineRatingsHistoryView.swift */; };
		F000000000000027 /* WineRatingService.swift in Sources */ = {isa = PBXBuildFile; fileRef = F100000000000027 /* WineRatingService.swift */; };
		F000000000000028 /* EditScannedWineView.swift in Sources */ = {isa = PBXBuildFile; fileRef = F100000000000028 /* EditScannedWineView.swift */; };
		F000000000000030 /* WineConfirmationModels.swift in Sources */ = {isa = PBXBuildFile; fileRef = F100000000000030 /* WineConfirmationModels.swift */; };
		F000000000000031 /* NotificationService.swift in Sources */ = {isa = PBXBuildFile; fileRef = F100000000000031 /* NotificationService.swift */; };
		F000000000000032 /* WineConfirmationView.swift in Sources */ = {isa = PBXBuildFile; fileRef = F100000000000032 /* WineConfirmationView.swift */; };
		F000000000000033 /* InviteGeneratorView.swift in Sources */ = {isa = PBXBuildFile; fileRef = F100000000000033 /* InviteGeneratorView.swift */; };
		F000000000000034 /* BottleUnloadView.swift in Sources */ = {isa = PBXBuildFile; fileRef = F100000000000034 /* BottleUnloadView.swift */; };
		F000000000000035 /* WineMatchingService.swift in Sources */ = {isa = PBXBuildFile; fileRef = F100000000000035 /* WineMatchingService.swift */; };
		F000000000000036 /* StorageModels.swift in Sources */ = {isa = PBXBuildFile; fileRef = F100000000000036 /* StorageModels.swift */; };
		F000000000000037 /* StorageConfigurationView.swift in Sources */ = {isa = PBXBuildFile; fileRef = F100000000000037 /* StorageConfigurationView.swift */; };
		F000000000000038 /* LanguageManager.swift in Sources */ = {isa = PBXBuildFile; fileRef = F100000000000038 /* LanguageManager.swift */; };
		F000000000000039 /* OnboardingView.swift in Sources */ = {isa = PBXBuildFile; fileRef = F100000000000039 /* OnboardingView.swift */; };
		F000000000000040 /* AboutView.swift in Sources */ = {isa = PBXBuildFile; fileRef = F100000000000040 /* AboutView.swift */; };
/* End PBXBuildFile section */

/* Begin PBXFileReference section */
		272887962F2CEAA300C8514A /* CloudKitModels.swift */ = {isa = PBXFileReference; lastKnownFileType = sourcecode.swift; path = CloudKitModels.swift; sourceTree = "<group>"; };
		272887972F2CEAA300C8514A /* CollaborationModels.swift */ = {isa = PBXFileReference; lastKnownFileType = sourcecode.swift; path = CollaborationModels.swift; sourceTree = "<group>"; };
		2728879A2F2CEAB200C8514A /* CollaborativeDishView.swift */ = {isa = PBXFileReference; lastKnownFileType = sourcecode.swift; path = CollaborativeDishView.swift; sourceTree = "<group>"; };
		2728879B2F2CEAB200C8514A /* ProposalInputView.swift */ = {isa = PBXFileReference; lastKnownFileType = sourcecode.swift; path = ProposalInputView.swift; sourceTree = "<group>"; };
		2728879C2F2CEAB200C8514A /* ShareManagementView.swift */ = {isa = PBXFileReference; lastKnownFileType = sourcecode.swift; path = ShareManagementView.swift; sourceTree = "<group>"; };
		272887A02F2CEAC200C8514A /* CellarSwitcher.swift */ = {isa = PBXFileReference; lastKnownFileType = sourcecode.swift; path = CellarSwitcher.swift; sourceTree = "<group>"; };
		272887A12F2CEAC200C8514A /* CollaborationOnboarding.swift */ = {isa = PBXFileReference; lastKnownFileType = sourcecode.swift; path = CollaborationOnboarding.swift; sourceTree = "<group>"; };
		272887A22F2CEAC200C8514A /* EmptyStateViews.swift */ = {isa = PBXFileReference; lastKnownFileType = sourcecode.swift; path = EmptyStateViews.swift; sourceTree = "<group>"; };
		272887A32F2CEAC200C8514A /* SyncStatusIndicator.swift */ = {isa = PBXFileReference; lastKnownFileType = sourcecode.swift; path = SyncStatusIndicator.swift; sourceTree = "<group>"; };
		272887A82F2CEAD000C8514A /* CellarManager.swift */ = {isa = PBXFileReference; lastKnownFileType = sourcecode.swift; path = CellarManager.swift; sourceTree = "<group>"; };
		272887A92F2CEAD000C8514A /* CloudKitService.swift */ = {isa = PBXFileReference; lastKnownFileType = sourcecode.swift; path = CloudKitService.swift; sourceTree = "<group>"; };
		272887AA2F2CEAD000C8514A /* CollaborationNotificationService.swift */ = {isa = PBXFileReference; lastKnownFileType = sourcecode.swift; path = CollaborationNotificationService.swift; sourceTree = "<group>"; };
		272887AB2F2CEAD000C8514A /* FeatureFlags.swift */ = {isa = PBXFileReference; lastKnownFileType = sourcecode.swift; path = FeatureFlags.swift; sourceTree = "<group>"; };
		272887AC2F2CEAD000C8514A /* MigrationService.swift */ = {isa = PBXFileReference; lastKnownFileType = sourcecode.swift; path = MigrationService.swift; sourceTree = "<group>"; };
		272887AD2F2CEAD000C8514A /* SharingService.swift */ = {isa = PBXFileReference; lastKnownFileType = sourcecode.swift; path = SharingService.swift; sourceTree = "<group>"; };
		F100000000000000 /* Convivio.app */ = {isa = PBXFileReference; explicitFileType = wrapper.application; includeInIndex = 0; path = Convivio.app; sourceTree = BUILT_PRODUCTS_DIR; };
		F100000000000001 /* ConvivioApp.swift */ = {isa = PBXFileReference; lastKnownFileType = sourcecode.swift; path = ConvivioApp.swift; sourceTree = "<group>"; };
		F100000000000002 /* Models.swift */ = {isa = PBXFileReference; lastKnownFileType = sourcecode.swift; path = Models.swift; sourceTree = "<group>"; };
		F100000000000004 /* CellarView.swift */ = {isa = PBXFileReference; lastKnownFileType = sourcecode.swift; path = CellarView.swift; sourceTree = "<group>"; };
		F100000000000005 /* ScanView.swift */ = {isa = PBXFileReference; lastKnownFileType = sourcecode.swift; path = ScanView.swift; sourceTree = "<group>"; };
		F100000000000006 /* ProfileView.swift */ = {isa = PBXFileReference; lastKnownFileType = sourcecode.swift; path = ProfileView.swift; sourceTree = "<group>"; };
		F100000000000009 /* ChatView.swift */ = {isa = PBXFileReference; lastKnownFileType = sourcecode.swift; path = ChatView.swift; sourceTree = "<group>"; };
		F10000000000000B /* AppIconGenerator.swift */ = {isa = PBXFileReference; lastKnownFileType = sourcecode.swift; path = AppIconGenerator.swift; sourceTree = "<group>"; };
		F10000000000000C /* OpenAIService.swift */ = {isa = PBXFileReference; lastKnownFileType = sourcecode.swift; path = OpenAIService.swift; sourceTree = "<group>"; };
		F10000000000000E /* MenuGeneratorService.swift */ = {isa = PBXFileReference; lastKnownFileType = sourcecode.swift; path = MenuGeneratorService.swift; sourceTree = "<group>"; };
		F10000000000000F /* MenuModels.swift */ = {isa = PBXFileReference; lastKnownFileType = sourcecode.swift; path = MenuModels.swift; sourceTree = "<group>"; };
		F100000000000010 /* Assets.xcassets */ = {isa = PBXFileReference; lastKnownFileType = folder.assetcatalog; path = Assets.xcassets; sourceTree = "<group>"; };
		F100000000000011 /* GoogleService-Info.plist */ = {isa = PBXFileReference; lastKnownFileType = text.plist.xml; path = "GoogleService-Info.plist"; sourceTree = "<group>"; };
		F100000000000012 /* Info.plist */ = {isa = PBXFileReference; lastKnownFileType = text.plist.xml; path = Info.plist; sourceTree = "<group>"; };
		F100000000000013 /* Convivio.entitlements */ = {isa = PBXFileReference; lastKnownFileType = text.plist.entitlements; path = Convivio.entitlements; sourceTree = "<group>"; };
		F100000000000014 /* FoodView.swift */ = {isa = PBXFileReference; lastKnownFileType = sourcecode.swift; path = FoodView.swift; sourceTree = "<group>"; };
		F100000000000020 /* WineRatingModels.swift */ = {isa = PBXFileReference; lastKnownFileType = sourcecode.swift; path = WineRatingModels.swift; sourceTree = "<group>"; };
		F100000000000021 /* StarRatingView.swift */ = {isa = PBXFileReference; lastKnownFileType = sourcecode.swift; path = StarRatingView.swift; sourceTree = "<group>"; };
		F100000000000022 /* AISParameterPicker.swift */ = {isa = PBXFileReference; lastKnownFileType = sourcecode.swift; path = AISParameterPicker.swift; sourceTree = "<group>"; };
		F100000000000023 /* QuickRatingView.swift */ = {isa = PBXFileReference; lastKnownFileType = sourcecode.swift; path = QuickRatingView.swift; sourceTree = "<group>"; };
		F100000000000024 /* SchedaAISView.swift */ = {isa = PBXFileReference; lastKnownFileType = sourcecode.swift; path = SchedaAISView.swift; sourceTree = "<group>"; };
		F100000000000025 /* WineRatingView.swift */ = {isa = PBXFileReference; lastKnownFileType = sourcecode.swift; path = WineRatingView.swift; sourceTree = "<group>"; };
		F100000000000026 /* WineRatingsHistoryView.swift */ = {isa = PBXFileReference; lastKnownFileType = sourcecode.swift; path = WineRatingsHistoryView.swift; sourceTree = "<group>"; };
		F100000000000027 /* WineRatingService.swift */ = {isa = PBXFileReference; lastKnownFileType = sourcecode.swift; path = WineRatingService.swift; sourceTree = "<group>"; };
		F100000000000028 /* EditScannedWineView.swift */ = {isa = PBXFileReference; lastKnownFileType = sourcecode.swift; path = EditScannedWineView.swift; sourceTree = "<group>"; };
		F100000000000030 /* WineConfirmationModels.swift */ = {isa = PBXFileReference; lastKnownFileType = sourcecode.swift; path = WineConfirmationModels.swift; sourceTree = "<group>"; };
		F100000000000031 /* NotificationService.swift */ = {isa = PBXFileReference; lastKnownFileType = sourcecode.swift; path = NotificationService.swift; sourceTree = "<group>"; };
		F100000000000032 /* WineConfirmationView.swift */ = {isa = PBXFileReference; lastKnownFileType = sourcecode.swift; path = WineConfirmationView.swift; sourceTree = "<group>"; };
		F100000000000033 /* InviteGeneratorView.swift */ = {isa = PBXFileReference; lastKnownFileType = sourcecode.swift; path = InviteGeneratorView.swift; sourceTree = "<group>"; };
		F100000000000034 /* BottleUnloadView.swift */ = {isa = PBXFileReference; lastKnownFileType = sourcecode.swift; path = BottleUnloadView.swift; sourceTree = "<group>"; };
		F100000000000035 /* WineMatchingService.swift */ = {isa = PBXFileReference; lastKnownFileType = sourcecode.swift; path = WineMatchingService.swift; sourceTree = "<group>"; };
		F100000000000036 /* StorageModels.swift */ = {isa = PBXFileReference; lastKnownFileType = sourcecode.swift; path = StorageModels.swift; sourceTree = "<group>"; };
		F100000000000037 /* StorageConfigurationView.swift */ = {isa = PBXFileReference; lastKnownFileType = sourcecode.swift; path = StorageConfigurationView.swift; sourceTree = "<group>"; };
		F100000000000038 /* LanguageManager.swift */ = {isa = PBXFileReference; lastKnownFileType = sourcecode.swift; path = LanguageManager.swift; sourceTree = "<group>"; };
		F100000000000039 /* OnboardingView.swift */ = {isa = PBXFileReference; lastKnownFileType = sourcecode.swift; path = OnboardingView.swift; sourceTree = "<group>"; };
		F100000000000040 /* AboutView.swift */ = {isa = PBXFileReference; lastKnownFileType = sourcecode.swift; path = AboutView.swift; sourceTree = "<group>"; };
/* End PBXFileReference section */

/* Begin PBXFrameworksBuildPhase section */
		F300000000000001 /* Frameworks */ = {
			isa = PBXFrameworksBuildPhase;
			buildActionMask = 2147483647;
			files = (
			);
			runOnlyForDeploymentPostprocessing = 0;
		};
/* End PBXFrameworksBuildPhase section */

/* Begin PBXGroup section */
		F400000000000001 = {
			isa = PBXGroup;
			children = (
				F400000000000002 /* Convivio */,
				F400000000000010 /* Products */,
			);
			sourceTree = "<group>";
		};
		F400000000000002 /* Convivio */ = {
			isa = PBXGroup;
			children = (
				F100000000000001 /* ConvivioApp.swift */,
				F400000000000003 /* Models */,
				F400000000000004 /* Views */,
				F400000000000005 /* Services */,
				F400000000000006 /* Utils */,
				F100000000000010 /* Assets.xcassets */,
				F100000000000011 /* GoogleService-Info.plist */,
				F100000000000012 /* Info.plist */,
				F100000000000013 /* Convivio.entitlements */,
			);
			path = Convivio;
			sourceTree = "<group>";
		};
		F400000000000003 /* Models */ = {
			isa = PBXGroup;
			children = (
				272887962F2CEAA300C8514A /* CloudKitModels.swift */,
				272887972F2CEAA300C8514A /* CollaborationModels.swift */,
				F100000000000002 /* Models.swift */,
				F10000000000000F /* MenuModels.swift */,
				F100000000000020 /* WineRatingModels.swift */,
				F100000000000030 /* WineConfirmationModels.swift */,
				F100000000000036 /* StorageModels.swift */,
			);
			path = Models;
			sourceTree = "<group>";
		};
		F400000000000004 /* Views */ = {
			isa = PBXGroup;
			children = (
				2728879A2F2CEAB200C8514A /* CollaborativeDishView.swift */,
				2728879B2F2CEAB200C8514A /* ProposalInputView.swift */,
				2728879C2F2CEAB200C8514A /* ShareManagementView.swift */,
				F100000000000004 /* CellarView.swift */,
				F100000000000005 /* ScanView.swift */,
				F100000000000028 /* EditScannedWineView.swift */,
				F100000000000006 /* ProfileView.swift */,
				F100000000000009 /* ChatView.swift */,
				F100000000000014 /* FoodView.swift */,
				F100000000000032 /* WineConfirmationView.swift */,
				F100000000000033 /* InviteGeneratorView.swift */,
				F100000000000034 /* BottleUnloadView.swift */,
				F100000000000037 /* StorageConfigurationView.swift */,
				F100000000000039 /* OnboardingView.swift */,
				F100000000000040 /* AboutView.swift */,
				F400000000000007 /* Components */,
				F400000000000008 /* Ratings */,
			);
			path = Views;
			sourceTree = "<group>";
		};
		F400000000000005 /* Services */ = {
			isa = PBXGroup;
			children = (
				272887A82F2CEAD000C8514A /* CellarManager.swift */,
				272887A92F2CEAD000C8514A /* CloudKitService.swift */,
				272887AA2F2CEAD000C8514A /* CollaborationNotificationService.swift */,
				272887AB2F2CEAD000C8514A /* FeatureFlags.swift */,
				272887AC2F2CEAD000C8514A /* MigrationService.swift */,
				272887AD2F2CEAD000C8514A /* SharingService.swift */,
				F10000000000000C /* OpenAIService.swift */,
				F10000000000000E /* MenuGeneratorService.swift */,
				F100000000000027 /* WineRatingService.swift */,
				F100000000000031 /* NotificationService.swift */,
				F100000000000035 /* WineMatchingService.swift */,
				F100000000000038 /* LanguageManager.swift */,
			);
			path = Services;
			sourceTree = "<group>";
		};
		F400000000000006 /* Utils */ = {
			isa = PBXGroup;
			children = (
				F10000000000000B /* AppIconGenerator.swift */,
			);
			path = Utils;
			sourceTree = "<group>";
		};
		F400000000000007 /* Components */ = {
			isa = PBXGroup;
			children = (
				272887A02F2CEAC200C8514A /* CellarSwitcher.swift */,
				272887A12F2CEAC200C8514A /* CollaborationOnboarding.swift */,
				272887A22F2CEAC200C8514A /* EmptyStateViews.swift */,
				272887A32F2CEAC200C8514A /* SyncStatusIndicator.swift */,
				F100000000000021 /* StarRatingView.swift */,
				F100000000000022 /* AISParameterPicker.swift */,
			);
			path = Components;
			sourceTree = "<group>";
		};
		F400000000000008 /* Ratings */ = {
			isa = PBXGroup;
			children = (
				F100000000000023 /* QuickRatingView.swift */,
				F100000000000024 /* SchedaAISView.swift */,
				F100000000000025 /* WineRatingView.swift */,
				F100000000000026 /* WineRatingsHistoryView.swift */,
			);
			path = Ratings;
			sourceTree = "<group>";
		};
		F400000000000010 /* Products */ = {
			isa = PBXGroup;
			children = (
				F100000000000000 /* Convivio.app */,
			);
			name = Products;
			sourceTree = "<group>";
		};
/* End PBXGroup section */

/* Begin PBXNativeTarget section */
		F500000000000001 /* Convivio */ = {
			isa = PBXNativeTarget;
			buildConfigurationList = F600000000000003 /* Build configuration list for PBXNativeTarget "Convivio" */;
			buildPhases = (
				F700000000000001 /* Sources */,
				F300000000000001 /* Frameworks */,
				F800000000000001 /* Resources */,
			);
			buildRules = (
			);
			dependencies = (
			);
			name = Convivio;
			productName = Convivio;
			productReference = F100000000000000 /* Convivio.app */;
			productType = "com.apple.product-type.application";
		};
/* End PBXNativeTarget section */

/* Begin PBXProject section */
		F900000000000001 /* Project object */ = {
			isa = PBXProject;
			attributes = {
				BuildIndependentTargetsInParallel = 1;
				LastSwiftUpdateCheck = 1540;
				LastUpgradeCheck = 2620;
				TargetAttributes = {
					F500000000000001 = {
						CreatedOnToolsVersion = 15.4;
					};
				};
			};
			buildConfigurationList = F600000000000001 /* Build configuration list for PBXProject "Convivio" */;
			compatibilityVersion = "Xcode 14.0";
			developmentRegion = it;
			hasScannedForEncodings = 0;
			knownRegions = (
				en,
				it,
				Base,
			);
			mainGroup = F400000000000001;
			productRefGroup = F400000000000010 /* Products */;
			projectDirPath = "";
			projectRoot = "";
			targets = (
				F500000000000001 /* Convivio */,
			);
		};
/* End PBXProject section */

/* Begin PBXResourcesBuildPhase section */
		F800000000000001 /* Resources */ = {
			isa = PBXResourcesBuildPhase;
			buildActionMask = 2147483647;
			files = (
				F000000000000010 /* Assets.xcassets in Resources */,
				F000000000000011 /* GoogleService-Info.plist in Resources */,
			);
			runOnlyForDeploymentPostprocessing = 0;
		};
/* End PBXResourcesBuildPhase section */

/* Begin PBXSourcesBuildPhase section */
		F700000000000001 /* Sources */ = {
			isa = PBXSourcesBuildPhase;
			buildActionMask = 2147483647;
			files = (
				F000000000000001 /* ConvivioApp.swift in Sources */,
				F000000000000002 /* Models.swift in Sources */,
				2728879D2F2CEAB200C8514A /* CollaborativeDishView.swift in Sources */,
				2728879E2F2CEAB200C8514A /* ProposalInputView.swift in Sources */,
				2728879F2F2CEAB200C8514A /* ShareManagementView.swift in Sources */,
				F00000000000000F /* MenuModels.swift in Sources */,
				F000000000000020 /* WineRatingModels.swift in Sources */,
				F000000000000004 /* CellarView.swift in Sources */,
				F000000000000005 /* ScanView.swift in Sources */,
				F000000000000006 /* ProfileView.swift in Sources */,
				F000000000000009 /* ChatView.swift in Sources */,
				F00000000000000B /* AppIconGenerator.swift in Sources */,
				F00000000000000C /* OpenAIService.swift in Sources */,
				F00000000000000E /* MenuGeneratorService.swift in Sources */,
				F000000000000012 /* FoodView.swift in Sources */,
				F000000000000021 /* StarRatingView.swift in Sources */,
				F000000000000022 /* AISParameterPicker.swift in Sources */,
				F000000000000023 /* QuickRatingView.swift in Sources */,
				F000000000000024 /* SchedaAISView.swift in Sources */,
				F000000000000025 /* WineRatingView.swift in Sources */,
				F000000000000026 /* WineRatingsHistoryView.swift in Sources */,
				F000000000000027 /* WineRatingService.swift in Sources */,
				272887982F2CEAA300C8514A /* CloudKitModels.swift in Sources */,
				272887992F2CEAA300C8514A /* CollaborationModels.swift in Sources */,
				F000000000000028 /* EditScannedWineView.swift in Sources */,
				F000000000000030 /* WineConfirmationModels.swift in Sources */,
				F000000000000031 /* NotificationService.swift in Sources */,
				F000000000000032 /* WineConfirmationView.swift in Sources */,
				F000000000000033 /* InviteGeneratorView.swift in Sources */,
				F000000000000034 /* BottleUnloadView.swift in Sources */,
				F000000000000035 /* WineMatchingService.swift in Sources */,
				F000000000000036 /* StorageModels.swift in Sources */,
				F000000000000037 /* StorageConfigurationView.swift in Sources */,
				F000000000000038 /* LanguageManager.swift in Sources */,
				272887AE2F2CEAD000C8514A /* CellarManager.swift in Sources */,
				272887AF2F2CEAD000C8514A /* CollaborationNotificationService.swift in Sources */,
				272887B02F2CEAD000C8514A /* CloudKitService.swift in Sources */,
				272887B12F2CEAD000C8514A /* FeatureFlags.swift in Sources */,
				272887B22F2CEAD000C8514A /* SharingService.swift in Sources */,
				272887B32F2CEAD000C8514A /* MigrationService.swift in Sources */,
				F000000000000039 /* OnboardingView.swift in Sources */,
				272887A42F2CEAC200C8514A /* CollaborationOnboarding.swift in Sources */,
				272887A52F2CEAC200C8514A /* EmptyStateViews.swift in Sources */,
				272887A62F2CEAC200C8514A /* SyncStatusIndicator.swift in Sources */,
				272887A72F2CEAC200C8514A /* CellarSwitcher.swift in Sources */,
				F000000000000040 /* AboutView.swift in Sources */,
			);
			runOnlyForDeploymentPostprocessing = 0;
		};
/* End PBXSourcesBuildPhase section */

/* Begin XCBuildConfiguration section */
		FB00000000000001 /* Debug */ = {
			isa = XCBuildConfiguration;
			buildSettings = {
				ALWAYS_SEARCH_USER_PATHS = NO;
				ASSETCATALOG_COMPILER_GENERATE_SWIFT_ASSET_SYMBOL_EXTENSIONS = YES;
				CLANG_ANALYZER_LOCALIZABILITY_NONLOCALIZED = YES;
				CLANG_ANALYZER_NONNULL = YES;
				CLANG_ANALYZER_NUMBER_OBJECT_CONVERSION = YES_AGGRESSIVE;
				CLANG_CXX_LANGUAGE_STANDARD = "gnu++20";
				CLANG_ENABLE_MODULES = YES;
				CLANG_ENABLE_OBJC_ARC = YES;
				CLANG_ENABLE_OBJC_WEAK = YES;
				CLANG_WARN_BLOCK_CAPTURE_AUTORELEASING = YES;
				CLANG_WARN_BOOL_CONVERSION = YES;
				CLANG_WARN_COMMA = YES;
				CLANG_WARN_CONSTANT_CONVERSION = YES;
				CLANG_WARN_DEPRECATED_OBJC_IMPLEMENTATIONS = YES;
				CLANG_WARN_DIRECT_OBJC_ISA_USAGE = YES_ERROR;
				CLANG_WARN_DOCUMENTATION_COMMENTS = YES;
				CLANG_WARN_EMPTY_BODY = YES;
				CLANG_WARN_ENUM_CONVERSION = YES;
				CLANG_WARN_INFINITE_RECURSION = YES;
				CLANG_WARN_INT_CONVERSION = YES;
				CLANG_WARN_NON_LITERAL_NULL_CONVERSION = YES;
				CLANG_WARN_OBJC_IMPLICIT_RETAIN_SELF = YES;
				CLANG_WARN_OBJC_LITERAL_CONVERSION = YES;
				CLANG_WARN_OBJC_ROOT_CLASS = YES_ERROR;
				CLANG_WARN_QUOTED_INCLUDE_IN_FRAMEWORK_HEADER = YES;
				CLANG_WARN_RANGE_LOOP_ANALYSIS = YES;
				CLANG_WARN_STRICT_PROTOTYPES = YES;
				CLANG_WARN_SUSPICIOUS_MOVE = YES;
				CLANG_WARN_UNGUARDED_AVAILABILITY = YES_AGGRESSIVE;
				CLANG_WARN_UNREACHABLE_CODE = YES;
				CLANG_WARN__DUPLICATE_METHOD_MATCH = YES;
				COPY_PHASE_STRIP = NO;
				DEBUG_INFORMATION_FORMAT = dwarf;
				DEVELOPMENT_TEAM = 5NZADC9YQ2;
				ENABLE_STRICT_OBJC_MSGSEND = YES;
				ENABLE_TESTABILITY = YES;
				ENABLE_USER_SCRIPT_SANDBOXING = YES;
				GCC_C_LANGUAGE_STANDARD = gnu17;
				GCC_DYNAMIC_NO_PIC = NO;
				GCC_NO_COMMON_BLOCKS = YES;
				GCC_OPTIMIZATION_LEVEL = 0;
				GCC_PREPROCESSOR_DEFINITIONS = (
					"DEBUG=1",
					"$(inherited)",
				);
				GCC_WARN_64_TO_32_BIT_CONVERSION = YES;
				GCC_WARN_ABOUT_RETURN_TYPE = YES_ERROR;
				GCC_WARN_UNDECLARED_SELECTOR = YES;
				GCC_WARN_UNINITIALIZED_AUTOS = YES_AGGRESSIVE;
				GCC_WARN_UNUSED_FUNCTION = YES;
				GCC_WARN_UNUSED_VARIABLE = YES;
				IPHONEOS_DEPLOYMENT_TARGET = 17.0;
				LOCALIZATION_PREFERS_STRING_CATALOGS = YES;
				MTL_ENABLE_DEBUG_INFO = INCLUDE_SOURCE;
				MTL_FAST_MATH = YES;
				ONLY_ACTIVE_ARCH = YES;
				SDKROOT = iphoneos;
				STRING_CATALOG_GENERATE_SYMBOLS = YES;
				SWIFT_ACTIVE_COMPILATION_CONDITIONS = "DEBUG $(inherited)";
				SWIFT_OPTIMIZATION_LEVEL = "-Onone";
			};
			name = Debug;
		};
		FB00000000000002 /* Release */ = {
			isa = XCBuildConfiguration;
			buildSettings = {
				ALWAYS_SEARCH_USER_PATHS = NO;
				ASSETCATALOG_COMPILER_GENERATE_SWIFT_ASSET_SYMBOL_EXTENSIONS = YES;
				CLANG_ANALYZER_LOCALIZABILITY_NONLOCALIZED = YES;
				CLANG_ANALYZER_NONNULL = YES;
				CLANG_ANALYZER_NUMBER_OBJECT_CONVERSION = YES_AGGRESSIVE;
				CLANG_CXX_LANGUAGE_STANDARD = "gnu++20";
				CLANG_ENABLE_MODULES = YES;
				CLANG_ENABLE_OBJC_ARC = YES;
				CLANG_ENABLE_OBJC_WEAK = YES;
				CLANG_WARN_BLOCK_CAPTURE_AUTORELEASING = YES;
				CLANG_WARN_BOOL_CONVERSION = YES;
				CLANG_WARN_COMMA = YES;
				CLANG_WARN_CONSTANT_CONVERSION = YES;
				CLANG_WARN_DEPRECATED_OBJC_IMPLEMENTATIONS = YES;
				CLANG_WARN_DIRECT_OBJC_ISA_USAGE = YES_ERROR;
				CLANG_WARN_DOCUMENTATION_COMMENTS = YES;
				CLANG_WARN_EMPTY_BODY = YES;
				CLANG_WARN_ENUM_CONVERSION = YES;
				CLANG_WARN_INFINITE_RECURSION = YES;
				CLANG_WARN_INT_CONVERSION = YES;
				CLANG_WARN_NON_LITERAL_NULL_CONVERSION = YES;
				CLANG_WARN_OBJC_IMPLICIT_RETAIN_SELF = YES;
				CLANG_WARN_OBJC_LITERAL_CONVERSION = YES;
				CLANG_WARN_OBJC_ROOT_CLASS = YES_ERROR;
				CLANG_WARN_QUOTED_INCLUDE_IN_FRAMEWORK_HEADER = YES;
				CLANG_WARN_RANGE_LOOP_ANALYSIS = YES;
				CLANG_WARN_STRICT_PROTOTYPES = YES;
				CLANG_WARN_SUSPICIOUS_MOVE = YES;
				CLANG_WARN_UNGUARDED_AVAILABILITY = YES_AGGRESSIVE;
				CLANG_WARN_UNREACHABLE_CODE = YES;
				CLANG_WARN__DUPLICATE_METHOD_MATCH = YES;
				COPY_PHASE_STRIP = NO;
				DEBUG_INFORMATION_FORMAT = "dwarf-with-dsym";
				DEVELOPMENT_TEAM = 5NZADC9YQ2;
				ENABLE_NS_ASSERTIONS = NO;
				ENABLE_STRICT_OBJC_MSGSEND = YES;
				ENABLE_USER_SCRIPT_SANDBOXING = YES;
				GCC_C_LANGUAGE_STANDARD = gnu17;
				GCC_NO_COMMON_BLOCKS = YES;
				GCC_WARN_64_TO_32_BIT_CONVERSION = YES;
				GCC_WARN_ABOUT_RETURN_TYPE = YES_ERROR;
				GCC_WARN_UNDECLARED_SELECTOR = YES;
				GCC_WARN_UNINITIALIZED_AUTOS = YES_AGGRESSIVE;
				GCC_WARN_UNUSED_FUNCTION = YES;
				GCC_WARN_UNUSED_VARIABLE = YES;
				IPHONEOS_DEPLOYMENT_TARGET = 17.0;
				LOCALIZATION_PREFERS_STRING_CATALOGS = YES;
				MTL_ENABLE_DEBUG_INFO = NO;
				MTL_FAST_MATH = YES;
				SDKROOT = iphoneos;
				STRING_CATALOG_GENERATE_SYMBOLS = YES;
				SWIFT_COMPILATION_MODE = wholemodule;
				VALIDATE_PRODUCT = YES;
			};
			name = Release;
		};
		FB00000000000003 /* Debug */ = {
			isa = XCBuildConfiguration;
			buildSettings = {
				ASSETCATALOG_COMPILER_APPICON_NAME = AppIcon;
				ASSETCATALOG_COMPILER_GLOBAL_ACCENT_COLOR_NAME = AccentColor;
				CODE_SIGN_ENTITLEMENTS = Convivio/Convivio.entitlements;
				CODE_SIGN_STYLE = Automatic;
				CURRENT_PROJECT_VERSION = 1;
				ENABLE_PREVIEWS = YES;
				GENERATE_INFOPLIST_FILE = YES;
				INFOPLIST_FILE = Convivio/Info.plist;
				INFOPLIST_KEY_CFBundleDisplayName = Convivio;
				INFOPLIST_KEY_LSApplicationCategoryType = "public.app-category.food-and-drink";
				INFOPLIST_KEY_NSCameraUsageDescription = "Convivio usa la fotocamera per scansionare le etichette dei vini";
				INFOPLIST_KEY_UIApplicationSceneManifest_Generation = YES;
				INFOPLIST_KEY_UIApplicationSupportsIndirectInputEvents = YES;
				INFOPLIST_KEY_UILaunchScreen_Generation = YES;
				INFOPLIST_KEY_UISupportedInterfaceOrientations_iPad = "UIInterfaceOrientationPortrait UIInterfaceOrientationPortraitUpsideDown UIInterfaceOrientationLandscapeLeft UIInterfaceOrientationLandscapeRight";
				INFOPLIST_KEY_UISupportedInterfaceOrientations_iPhone = "UIInterfaceOrientationPortrait UIInterfaceOrientationLandscapeLeft UIInterfaceOrientationLandscapeRight";
				LD_RUNPATH_SEARCH_PATHS = (
					"$(inherited)",
					"@executable_path/Frameworks",
				);
				MARKETING_VERSION = 1.1;
				PRODUCT_BUNDLE_IDENTIFIER = it.mikesoft.convivio.app;
				PRODUCT_NAME = "$(TARGET_NAME)";
				SWIFT_EMIT_LOC_STRINGS = YES;
				SWIFT_VERSION = 5.0;
				TARGETED_DEVICE_FAMILY = "1,2";
			};
			name = Debug;
		};
		FB00000000000004 /* Release */ = {
			isa = XCBuildConfiguration;
			buildSettings = {
				ASSETCATALOG_COMPILER_APPICON_NAME = AppIcon;
				ASSETCATALOG_COMPILER_GLOBAL_ACCENT_COLOR_NAME = AccentColor;
				CODE_SIGN_ENTITLEMENTS = Convivio/Convivio.entitlements;
				CODE_SIGN_STYLE = Automatic;
				CURRENT_PROJECT_VERSION = 1;
				ENABLE_PREVIEWS = YES;
				GENERATE_INFOPLIST_FILE = YES;
				INFOPLIST_FILE = Convivio/Info.plist;
				INFOPLIST_KEY_CFBundleDisplayName = Convivio;
				INFOPLIST_KEY_LSApplicationCategoryType = "public.app-category.food-and-drink";
				INFOPLIST_KEY_NSCameraUsageDescription = "Convivio usa la fotocamera per scansionare le etichette dei vini";
				INFOPLIST_KEY_UIApplicationSceneManifest_Generation = YES;
				INFOPLIST_KEY_UIApplicationSupportsIndirectInputEvents = YES;
				INFOPLIST_KEY_UILaunchScreen_Generation = YES;
				INFOPLIST_KEY_UISupportedInterfaceOrientations_iPad = "UIInterfaceOrientationPortrait UIInterfaceOrientationPortraitUpsideDown UIInterfaceOrientationLandscapeLeft UIInterfaceOrientationLandscapeRight";
				INFOPLIST_KEY_UISupportedInterfaceOrientations_iPhone = "UIInterfaceOrientationPortrait UIInterfaceOrientationLandscapeLeft UIInterfaceOrientationLandscapeRight";
				LD_RUNPATH_SEARCH_PATHS = (
					"$(inherited)",
					"@executable_path/Frameworks",
				);
				MARKETING_VERSION = 1.1;
				PRODUCT_BUNDLE_IDENTIFIER = it.mikesoft.convivio.app;
				PRODUCT_NAME = "$(TARGET_NAME)";
				SWIFT_EMIT_LOC_STRINGS = YES;
				SWIFT_VERSION = 5.0;
				TARGETED_DEVICE_FAMILY = "1,2";
			};
			name = Release;
		};
/* End XCBuildConfiguration section */

/* Begin XCConfigurationList section */
		F600000000000001 /* Build configuration list for PBXProject "Convivio" */ = {
			isa = XCConfigurationList;
			buildConfigurations = (
				FB00000000000001 /* Debug */,
				FB00000000000002 /* Release */,
			);
			defaultConfigurationIsVisible = 0;
			defaultConfigurationName = Release;
		};
		F600000000000003 /* Build configuration list for PBXNativeTarget "Convivio" */ = {
			isa = XCConfigurationList;
			buildConfigurations = (
				FB00000000000003 /* Debug */,
				FB00000000000004 /* Release */,
			);
			defaultConfigurationIsVisible = 0;
			defaultConfigurationName = Release;
		};
/* End XCConfigurationList section */
	};
	rootObject = F900000000000001 /* Project object */;
}
